
Microsoft Visual Studio Solution File, Format Version 12.00
# Visual Studio Version 16
VisualStudioVersion = 16.0.31410.357
MinimumVisualStudioVersion = 10.0.40219.1
Project("{FAE04EC0-301F-11D3-BF4B-00C04F79EFBC}") = "Rental", "Rental.csproj", "{9535B56F-B97F-40A2-955D-7B5078C5A7E2}"
EndProject
Global
	GlobalSection(SolutionConfigurationPlatforms) = preSolution
		Debug|Any CPU = Debug|Any CPU
		Release|Any CPU = Release|Any CPU
	EndGlobalSection
	GlobalSection(ProjectConfigurationPlatforms) = postSolution
		{9535B56F-B97F-40A2-955D-7B5078C5A7E2}.Debug|Any CPU.ActiveCfg = Debug|Any CPU
		{9535B56F-B97F-40A2-955D-7B5078C5A7E2}.Debug|Any CPU.Build.0 = Debug|Any CPU
		{9535B56F-B97F-40A2-955D-7B5078C5A7E2}.Release|Any CPU.ActiveCfg = Release|Any CPU
		{9535B56F-B97F-40A2-955D-7B5078C5A7E2}.Release|Any CPU.Build.0 = Release|Any CPU
	EndGlobalSection
	GlobalSection(SolutionProperties) = preSolution
		HideSolutionNode = FALSE
	EndGlobalSection
	GlobalSection(ExtensibilityGlobals) = postSolution
		SolutionGuid = {2DB4DE24-CE6E-41F1-ABF0-E1D1ACFC7168}
	EndGlobalSection
EndGlobal
